
Microsoft Visual Studio Solution File, Format Version 12.00
# Visual Studio Version 16
VisualStudioVersion = 16.0.29728.190
MinimumVisualStudioVersion = 10.0.40219.1
Project("{FAE04EC0-301F-11D3-BF4B-00C04F79EFBC}") = "WorldMap", "WorldMap.csproj", "{750DD3F0-F9AE-4FC9-9069-E501BE5BAE4F}"
EndProject
Global
	GlobalSection(SolutionConfigurationPlatforms) = preSolution
		Debug|Any CPU = Debug|Any CPU
		FastBuild|Any CPU = FastBuild|Any CPU
		Release|Any CPU = Release|Any CPU
	EndGlobalSection
	GlobalSection(ProjectConfigurationPlatforms) = postSolution
		{750DD3F0-F9AE-4FC9-9069-E501BE5BAE4F}.Debug|Any CPU.ActiveCfg = Debug|Any CPU
		{750DD3F0-F9AE-4FC9-9069-E501BE5BAE4F}.Debug|Any CPU.Build.0 = Debug|Any CPU
		{750DD3F0-F9AE-4FC9-9069-E501BE5BAE4F}.FastBuild|Any CPU.ActiveCfg = FastBuild|Any CPU
		{750DD3F0-F9AE-4FC9-9069-E501BE5BAE4F}.FastBuild|Any CPU.Build.0 = FastBuild|Any CPU
		{750DD3F0-F9AE-4FC9-9069-E501BE5BAE4F}.Release|Any CPU.ActiveCfg = Release|Any CPU
		{750DD3F0-F9AE-4FC9-9069-E501BE5BAE4F}.Release|Any CPU.Build.0 = Release|Any CPU
	EndGlobalSection
	GlobalSection(SolutionProperties) = preSolution
		HideSolutionNode = FALSE
	EndGlobalSection
	GlobalSection(ExtensibilityGlobals) = postSolution
		SolutionGuid = {6A2DE026-C490-4F7C-981F-CB1D6FA14498}
	EndGlobalSection
EndGlobal
